
Microsoft Visual Studio Solution File, Format Version 12.00
# Visual Studio Version 17
VisualStudioVersion = 17.0.31903.59
MinimumVisualStudioVersion = 10.0.40219.1
Project("{9A19103F-16F7-4668-BE54-9A1E7A4F7556}") = "StockApp", "StockApp\StockApp.csproj", "{A0A63878-A8D7-4278-B4C8-5142DF4894FF}"
EndProject
Project("{FAE04EC0-301F-11D3-BF4B-00C04F79EFBC}") = "StockAppTests", "StockAppTests\StockAppTests.csproj", "{ED4DA0A1-8F72-4B5C-AF9B-DB638F0B0231}"
EndProject
Global
	GlobalSection(SolutionConfigurationPlatforms) = preSolution
		Debug|Any CPU = Debug|Any CPU
		Release|Any CPU = Release|Any CPU
	EndGlobalSection
	GlobalSection(ProjectConfigurationPlatforms) = postSolution
		{A0A63878-A8D7-4278-B4C8-5142DF4894FF}.Debug|Any CPU.ActiveCfg = Debug|Any CPU
		{A0A63878-A8D7-4278-B4C8-5142DF4894FF}.Debug|Any CPU.Build.0 = Debug|Any CPU
		{A0A63878-A8D7-4278-B4C8-5142DF4894FF}.Release|Any CPU.ActiveCfg = Release|Any CPU
		{A0A63878-A8D7-4278-B4C8-5142DF4894FF}.Release|Any CPU.Build.0 = Release|Any CPU
		{ED4DA0A1-8F72-4B5C-AF9B-DB638F0B0231}.Debug|Any CPU.ActiveCfg = Debug|Any CPU
		{ED4DA0A1-8F72-4B5C-AF9B-DB638F0B0231}.Debug|Any CPU.Build.0 = Debug|Any CPU
		{ED4DA0A1-8F72-4B5C-AF9B-DB638F0B0231}.Release|Any CPU.ActiveCfg = Release|Any CPU
		{ED4DA0A1-8F72-4B5C-AF9B-DB638F0B0231}.Release|Any CPU.Build.0 = Release|Any CPU
	EndGlobalSection
	GlobalSection(SolutionProperties) = preSolution
		HideSolutionNode = FALSE
	EndGlobalSection
	GlobalSection(ExtensibilityGlobals) = postSolution
		SolutionGuid = {3ADD46FD-5868-498F-BECA-78DE97E90280}
	EndGlobalSection
EndGlobal
